
Microsoft Visual Studio Solution File, Format Version 12.00
# Visual Studio 15
VisualStudioVersion = 15.0.28307.572
MinimumVisualStudioVersion = 10.0.40219.1
Project("{9A19103F-16F7-4668-BE54-9A1E7A4F7556}") = "TPsMap", "TPsMiniMap\TPsMap.csproj", "{7E7FCCC8-32BD-4309-8891-07674558C2EF}"
EndProject
Global
	GlobalSection(SolutionConfigurationPlatforms) = preSolution
		Debug|Any CPU = Debug|Any CPU
		Release|Any CPU = Release|Any CPU
	EndGlobalSection
	GlobalSection(ProjectConfigurationPlatforms) = postSolution
		{7E7FCCC8-32BD-4309-8891-07674558C2EF}.Debug|Any CPU.ActiveCfg = Debug|Any CPU
		{7E7FCCC8-32BD-4309-8891-07674558C2EF}.Debug|Any CPU.Build.0 = Debug|Any CPU
		{7E7FCCC8-32BD-4309-8891-07674558C2EF}.Release|Any CPU.ActiveCfg = Release|Any CPU
		{7E7FCCC8-32BD-4309-8891-07674558C2EF}.Release|Any CPU.Build.0 = Release|Any CPU
	EndGlobalSection
	GlobalSection(SolutionProperties) = preSolution
		HideSolutionNode = FALSE
	EndGlobalSection
	GlobalSection(ExtensibilityGlobals) = postSolution
		SolutionGuid = {3EF1BEF8-C0CD-4395-8F23-8863930147AB}
	EndGlobalSection
EndGlobal
